
Microsoft Visual Studio Solution File, Format Version 12.00
# Visual Studio Version 16
VisualStudioVersion = 16.0.30104.148
MinimumVisualStudioVersion = 10.0.40219.1
Project("{FAE04EC0-301F-11D3-BF4B-00C04F79EFBC}") = "jpr", "jpr\jpr.csproj", "{1ADFFE89-CF4B-41D5-8E7F-F649E822A600}"
EndProject
Global
	GlobalSection(SolutionConfigurationPlatforms) = preSolution
		Debug|Any CPU = Debug|Any CPU
		Release|Any CPU = Release|Any CPU
	EndGlobalSection
	GlobalSection(ProjectConfigurationPlatforms) = postSolution
		{1ADFFE89-CF4B-41D5-8E7F-F649E822A600}.Debug|Any CPU.ActiveCfg = Debug|Any CPU
		{1ADFFE89-CF4B-41D5-8E7F-F649E822A600}.Debug|Any CPU.Build.0 = Debug|Any CPU
		{1ADFFE89-CF4B-41D5-8E7F-F649E822A600}.Release|Any CPU.ActiveCfg = Release|Any CPU
		{1ADFFE89-CF4B-41D5-8E7F-F649E822A600}.Release|Any CPU.Build.0 = Release|Any CPU
	EndGlobalSection
	GlobalSection(SolutionProperties) = preSolution
		HideSolutionNode = FALSE
	EndGlobalSection
	GlobalSection(ExtensibilityGlobals) = postSolution
		SolutionGuid = {46D647E9-21AC-4E82-A110-BFDD64AFE097}
	EndGlobalSection
EndGlobal
